<Solution>
  <Project Path="Fusion.Unity.Editor.csproj" />
  <Project Path="Edgar.Unity.csproj" />
  <Project Path="Edgar.Unity.Editor.csproj" />
  <Project Path="Edgar.Unity.Examples.csproj" />
  <Project Path="Assembly-CSharp.csproj" />
  <Project Path="Fusion.Unity.csproj" />
  <Project Path="Unity.Fusion.CodeGen.csproj" />
</Solution>
